{
  "version": 4,
  "terraform_version": "1.5.2",
  "serial": 9,
  "lineage": "df054975-f5db-479d-9186-d7413034c4bf",
  "outputs": {
    "webserver_public_ip": {
      "value": "35.154.34.54",
      "type": "string"
    }
  },
  "resources": [
    {
      "module": "module.my_webserver",
      "mode": "managed",
      "type": "aws_instance",
      "name": "created_using_terraform",
      "provider": "provider[\"registry.terraform.io/hashicorp/aws\"]",
      "instances": [
        {
          "schema_version": 1,
          "attributes": {
            "ami": "ami-012b9156f755804f5",
            "arn": "arn:aws:ec2:ap-south-1:001801913598:instance/i-06e3e0aca06c936e4",
            "associate_public_ip_address": true,
            "availability_zone": "ap-south-1b",
            "capacity_reservation_specification": [
              {
                "capacity_reservation_preference": "open",
                "capacity_reservation_target": []
              }
            ],
            "cpu_core_count": 1,
            "cpu_options": [
              {
                "amd_sev_snp": "",
                "core_count": 1,
                "threads_per_core": 1
              }
            ],
            "cpu_threads_per_core": 1,
            "credit_specification": [
              {
                "cpu_credits": "standard"
              }
            ],
            "disable_api_stop": false,
            "disable_api_termination": false,
            "ebs_block_device": [],
            "ebs_optimized": false,
            "enclave_options": [
              {
                "enabled": false
              }
            ],
            "ephemeral_block_device": [],
            "get_password_data": false,
            "hibernation": false,
            "host_id": "",
            "host_resource_group_arn": null,
            "iam_instance_profile": "",
            "id": "i-06e3e0aca06c936e4",
            "instance_initiated_shutdown_behavior": "stop",
            "instance_lifecycle": "",
            "instance_market_options": [],
            "instance_state": "running",
            "instance_type": "t2.micro",
            "ipv6_address_count": 0,
            "ipv6_addresses": [],
            "key_name": "terrakey",
            "launch_template": [],
            "maintenance_options": [
              {
                "auto_recovery": "default"
              }
            ],
            "metadata_options": [
              {
                "http_endpoint": "enabled",
                "http_put_response_hop_limit": 1,
                "http_tokens": "optional",
                "instance_metadata_tags": "disabled"
              }
            ],
            "monitoring": false,
            "network_interface": [],
            "outpost_arn": "",
            "password_data": "",
            "placement_group": "",
            "placement_partition_number": 0,
            "primary_network_interface_id": "eni-0dc379dc390eeff09",
            "private_dns": "ip-172-31-7-216.ap-south-1.compute.internal",
            "private_dns_name_options": [
              {
                "enable_resource_name_dns_a_record": false,
                "enable_resource_name_dns_aaaa_record": false,
                "hostname_type": "ip-name"
              }
            ],
            "private_ip": "172.31.7.216",
            "public_dns": "ec2-35-154-34-54.ap-south-1.compute.amazonaws.com",
            "public_ip": "35.154.34.54",
            "root_block_device": [
              {
                "delete_on_termination": true,
                "device_name": "/dev/xvda",
                "encrypted": false,
                "iops": 100,
                "kms_key_id": "",
                "tags": {},
                "throughput": 0,
                "volume_id": "vol-02e2ef82cbbea2044",
                "volume_size": 8,
                "volume_type": "gp2"
              }
            ],
            "secondary_private_ips": [],
            "security_groups": [
              "default"
            ],
            "source_dest_check": true,
            "spot_instance_request_id": "",
            "subnet_id": "subnet-070730430ccfbdb2d",
            "tags": null,
            "tags_all": {},
            "tenancy": "default",
            "timeouts": null,
            "user_data": null,
            "user_data_base64": null,
            "user_data_replace_on_change": false,
            "volume_tags": null,
            "vpc_security_group_ids": [
              "sg-078078f533508859a"
            ]
          },
          "sensitive_attributes": [],
          "private": "eyJlMmJmYjczMC1lY2FhLTExZTYtOGY4OC0zNDM2M2JjN2M0YzAiOnsiY3JlYXRlIjo2MDAwMDAwMDAwMDAsImRlbGV0ZSI6MTIwMDAwMDAwMDAwMCwidXBkYXRlIjo2MDAwMDAwMDAwMDB9LCJzY2hlbWFfdmVyc2lvbiI6IjEifQ==",
          "dependencies": [
            "module.my_webserver.aws_key_pair.terrakey"
          ]
        }
      ]
    },
    {
      "module": "module.my_webserver",
      "mode": "managed",
      "type": "aws_key_pair",
      "name": "terrakey",
      "provider": "provider[\"registry.terraform.io/hashicorp/aws\"]",
      "instances": [
        {
          "schema_version": 1,
          "attributes": {
            "arn": "arn:aws:ec2:ap-south-1:001801913598:key-pair/terrakey",
            "fingerprint": "fd:49:be:7d:29:92:6f:5b:58:19:fb:28:a6:01:58:4b",
            "id": "terrakey",
            "key_name": "terrakey",
            "key_name_prefix": "",
            "key_pair_id": "key-08167f371ac4ca720",
            "key_type": "rsa",
            "public_key": "ssh-rsa AAAAB3NzaC1yc2EAAAADAQABAAABAQD56I9YmSOC1qx2iS3uCExe+VuXxrCzzdrOBxewLtK0nmzr1WCl7hNFKZjIeCIybYhr3GVyZG9D/hfp3KzfhPsZhUopvVfUT3gAHkGiYYdum1kLjJWNidT9yLNNt0Jys/RP3gagULz4FuT3jK1PgNFWd67H1Cu5kVbLPKRYFTeR0xSXacKY0MfdlHqzQhbuaJvEGpjYaipkHFhw1vMQD3+zYil0lKqMfK6PuB68ceR+oz/2rMDdygIts8TO3LgU0zWLUyG1mj/QKPB00dEWmsJtxM8f/d8Oif7yiOI9MutYt0UdmWiEJ5bcT0WLlKmsLNcfbRRUuPsjagncAN/W8BOT ec2-user@ip-172-31-47-25.ap-south-1.compute.internal",
            "tags": null,
            "tags_all": {}
          },
          "sensitive_attributes": [],
          "private": "eyJzY2hlbWFfdmVyc2lvbiI6IjEifQ=="
        }
      ]
    }
  ],
  "check_results": null
}
